<Solution>
  <Folder Name="/src/">
    <Project Path="src/MedicalOrders.Api/MedicalOrders.Api.csproj" />
    <Project Path="src/MedicalOrders.Application/MedicalOrders.Application.csproj" />
    <Project Path="src/MedicalOrders.Domain/MedicalOrders.Domain.csproj" />
    <Project Path="src/MedicalOrders.Infrastructure/MedicalOrders.Infrastructure.csproj" />
    <Project Path="src/MedicalOrders.Worker/MedicalOrders.Worker.csproj" />
  </Folder>
  <Folder Name="/tests/">
    <Project Path="tests/MedicalOrders.Application.Tests/MedicalOrders.Application.Tests.csproj" />
    <Project Path="tests/MedicalOrders.Domain.Tests/MedicalOrders.Domain.Tests.csproj" />
  </Folder>
</Solution>
